
Microsoft Visual Studio Solution File, Format Version 12.00
# Visual Studio Version 17
VisualStudioVersion = 17.5.33424.131
MinimumVisualStudioVersion = 10.0.40219.1
Project("{FAE04EC0-301F-11D3-BF4B-00C04F79EFBC}") = "AzureBlobProxySample", "AzureBlobProxySample\AzureBlobProxySample.csproj", "{FDD8EC56-4F2A-45BA-AF40-5891BE5346E9}"
EndProject
Global
	GlobalSection(SolutionConfigurationPlatforms) = preSolution
		Debug|Any CPU = Debug|Any CPU
		Release|Any CPU = Release|Any CPU
	EndGlobalSection
	GlobalSection(ProjectConfigurationPlatforms) = postSolution
		{FDD8EC56-4F2A-45BA-AF40-5891BE5346E9}.Debug|Any CPU.ActiveCfg = Debug|Any CPU
		{FDD8EC56-4F2A-45BA-AF40-5891BE5346E9}.Debug|Any CPU.Build.0 = Debug|Any CPU
		{FDD8EC56-4F2A-45BA-AF40-5891BE5346E9}.Release|Any CPU.ActiveCfg = Release|Any CPU
		{FDD8EC56-4F2A-45BA-AF40-5891BE5346E9}.Release|Any CPU.Build.0 = Release|Any CPU
	EndGlobalSection
	GlobalSection(SolutionProperties) = preSolution
		HideSolutionNode = FALSE
	EndGlobalSection
	GlobalSection(ExtensibilityGlobals) = postSolution
		SolutionGuid = {A807E855-770C-48F2-B0E7-D1324B63DD6F}
	EndGlobalSection
EndGlobal
